# THIS IS AN AUTOGENERATED FILE. DO NOT EDIT THIS FILE DIRECTLY.
# yarn lockfile v1


"@ckb-lumos/base@^0.13.1":
  version "0.13.1"
  resolved "https://registry.yarnpkg.com/@ckb-lumos/base/-/base-0.13.1.tgz#6439b230bd64e3b6d64fbe0d9c19806b5fbf7ea7"
  integrity sha512-elJLWRAfLxQ1AKxed3HmBGcDc9TDUV4As9586Qe78BKf8rf7nOQ1VVyaWpUePo7vCPKclXkulY3XpwqnBKtmOg==
  dependencies:
    blake2b "^2.1.3"
    ckb-js-toolkit "^0.9.2"
    immutable "^4.0.0-rc.12"
    xxhash "^0.3.0"

"@ckb-lumos/common-scripts@^0.13.1":
  version "0.13.1"
  resolved "https://registry.yarnpkg.com/@ckb-lumos/common-scripts/-/common-scripts-0.13.1.tgz#5ca8fe22f03184b3f670bdbc923e86f599cf8235"
  integrity sha512-TL7YEgnqxGvF6a+CkQKTpMPR8+4g06kEYdnGrd5FE3hfuEhzwpzRpKIJv+QxQM641DUphmIdrpHLL0EjVi8/8Q==
  dependencies:
    "@ckb-lumos/base" "^0.13.1"
    "@ckb-lumos/config-manager" "^0.13.1"
    "@ckb-lumos/helpers" "^0.13.1"
    ckb-js-toolkit "^0.9.2"
    immutable "^4.0.0-rc.12"

"@ckb-lumos/config-manager@^0.13.1":
  version "0.13.1"
  resolved "https://registry.yarnpkg.com/@ckb-lumos/config-manager/-/config-manager-0.13.1.tgz#814da7c022a2de732198e655c4a14dd757544e51"
  integrity sha512-w20raS7KHOTrjMxke9tb9JZ18XV/ZUiM9UIxqtDp6obCvyujsgQhLGGlAfecH1WGd+xR4TdPkzQ11cQXpBg7aw==
  dependencies:
    deep-freeze-strict "^1.1.1"

"@ckb-lumos/helpers@^0.13.1":
  version "0.13.1"
  resolved "https://registry.yarnpkg.com/@ckb-lumos/helpers/-/helpers-0.13.1.tgz#075d3ca8b5c5cc56d7fa304b3e341124efca3104"
  integrity sha512-mCH9lYiK7NhG2f78E9y9KkgW45BmZCzJYg+gBM9Faitl1lBz7vSuwbK1zvU3kZfjH9+l0tACQzPmXfUGmIHuZQ==
  dependencies:
    "@ckb-lumos/base" "^0.13.1"
    "@ckb-lumos/config-manager" "^0.13.1"
    bech32 "^1.1.4"
    ckb-js-toolkit "^0.9.2"
    immutable "^4.0.0-rc.12"

"@types/node@^14.14.7":
  version "14.14.7"
  resolved "https://registry.yarnpkg.com/@types/node/-/node-14.14.7.tgz#8ea1e8f8eae2430cf440564b98c6dfce1ec5945d"
  integrity sha512-Zw1vhUSQZYw+7u5dAwNbIA9TuTotpzY/OF7sJM9FqPOF3SPjKnxrjoTktXDZgUjybf4cWVBP7O8wvKdSaGHweg==

ajv@^7.0.0-beta.4:
  version "7.0.0-beta.4"
  resolved "https://registry.yarnpkg.com/ajv/-/ajv-7.0.0-beta.4.tgz#1885f0fe044922ca468729f6b299328463379d37"
  integrity sha512-c6ROIXt0YR6uu3/XfwpXhRetEjNrmaa6WkofjGvO45rUXYNi0S5kI2Cwdm6vQBOnvzjCHSzUrRnCx54SaE1dgQ==
  dependencies:
    fast-deep-equal "^3.1.1"
    json-schema-traverse "^0.5.0"
    uri-js "^4.2.2"

bech32@^1.1.4:
  version "1.1.4"
  resolved "https://registry.yarnpkg.com/bech32/-/bech32-1.1.4.tgz#e38c9f37bf179b8eb16ae3a772b40c356d4832e9"
  integrity sha512-s0IrSOzLlbvX7yp4WBfPITzpAU8sqQcpsmwXDiKwrG4r491vwCO/XpejasRNl0piBMe/DvP4Tz0mIS/X1DPJBQ==

blake2b-wasm@^1.1.0:
  version "1.1.7"
  resolved "https://registry.yarnpkg.com/blake2b-wasm/-/blake2b-wasm-1.1.7.tgz#e4d075da10068e5d4c3ec1fb9accc4d186c55d81"
  integrity sha512-oFIHvXhlz/DUgF0kq5B1CqxIDjIJwh9iDeUUGQUcvgiGz7Wdw03McEO7CfLBy7QKGdsydcMCgO9jFNBAFCtFcA==
  dependencies:
    nanoassert "^1.0.0"

blake2b@^2.1.3:
  version "2.1.3"
  resolved "https://registry.yarnpkg.com/blake2b/-/blake2b-2.1.3.tgz#f5388be424768e7c6327025dad0c3c6d83351bca"
  integrity sha512-pkDss4xFVbMb4270aCyGD3qLv92314Et+FsKzilCLxDz5DuZ2/1g3w4nmBbu6nKApPspnjG7JcwTjGZnduB1yg==
  dependencies:
    blake2b-wasm "^1.1.0"
    nanoassert "^1.0.0"

ckb-js-toolkit@^0.9.2:
  version "0.9.2"
  resolved "https://registry.yarnpkg.com/ckb-js-toolkit/-/ckb-js-toolkit-0.9.2.tgz#c80eb98dc25099241e97bb025ac1566b896bbd49"
  integrity sha512-KutTBpsvkioPl3wPzwS6A5yEppq2pbpSPG4dXnbAu+L5gBzhQVEOj5tH4WBwF8qHm6u9mc/zCRnmjPw8e8Ad2g==
  dependencies:
    cross-fetch "^3.0.6"
    jsbi "^3.1.2"

cross-fetch@^3.0.6:
  version "3.0.6"
  resolved "https://registry.yarnpkg.com/cross-fetch/-/cross-fetch-3.0.6.tgz#3a4040bc8941e653e0e9cf17f29ebcd177d3365c"
  integrity sha512-KBPUbqgFjzWlVcURG+Svp9TlhA5uliYtiNx/0r8nv0pdypeQCRJ9IaSIc3q/x3q8t3F75cHuwxVql1HFGHCNJQ==
  dependencies:
    node-fetch "2.6.1"

deep-freeze-strict@^1.1.1:
  version "1.1.1"
  resolved "https://registry.yarnpkg.com/deep-freeze-strict/-/deep-freeze-strict-1.1.1.tgz#77d0583ca24a69be4bbd9ac2fae415d55523e5b0"
  integrity sha1-d9BYPKJKab5LvZrC+uQV1VUj5bA=

fast-deep-equal@^3.1.1:
  version "3.1.3"
  resolved "https://registry.yarnpkg.com/fast-deep-equal/-/fast-deep-equal-3.1.3.tgz#3a7d56b559d6cbc3eb512325244e619a65c6c525"
  integrity sha512-f3qQ9oQy9j2AhBe/H9VC91wLmKBCCU/gDOnKNAYG5hswO7BLKj09Hc5HYNz9cGI++xlpDCIgDaitVs03ATR84Q==

immutable@^4.0.0-rc.12:
  version "4.0.0-rc.12"
  resolved "https://registry.yarnpkg.com/immutable/-/immutable-4.0.0-rc.12.tgz#ca59a7e4c19ae8d9bf74a97bdf0f6e2f2a5d0217"
  integrity sha512-0M2XxkZLx/mi3t8NVwIm1g8nHoEmM9p9UBl/G9k4+hm0kBgOVdMV/B3CY5dQ8qG8qc80NN4gDV4HQv6FTJ5q7A==

jsbi@^3.1.2:
  version "3.1.4"
  resolved "https://registry.yarnpkg.com/jsbi/-/jsbi-3.1.4.tgz#9654dd02207a66a4911b4e4bb74265bc2cbc9dd0"
  integrity sha512-52QRRFSsi9impURE8ZUbzAMCLjPm4THO7H2fcuIvaaeFTbSysvkodbQQXIVsNgq/ypDbq6dJiuGKL0vZ/i9hUg==

json-schema-traverse@^0.5.0:
  version "0.5.0"
  resolved "https://registry.yarnpkg.com/json-schema-traverse/-/json-schema-traverse-0.5.0.tgz#1069a6097f9e9a567bfc6cc215e85f606ebf6480"
  integrity sha512-x+TRJIQFskrNnFKE2Viz9FCSjK1vIh+H/uaBiOYszh/IcZmAFneQ35H4osWDJp1NPXccuV2I0RMXmi2ZS6Kqcg==

nan@^2.13.2:
  version "2.14.2"
  resolved "https://registry.yarnpkg.com/nan/-/nan-2.14.2.tgz#f5376400695168f4cc694ac9393d0c9585eeea19"
  integrity sha512-M2ufzIiINKCuDfBSAUr1vWQ+vuVcA9kqx8JJUsbQi6yf1uGRyb7HfpdfUr5qLXf3B/t8dPvcjhKMmlfnP47EzQ==

nanoassert@^1.0.0:
  version "1.1.0"
  resolved "https://registry.yarnpkg.com/nanoassert/-/nanoassert-1.1.0.tgz#4f3152e09540fde28c76f44b19bbcd1d5a42478d"
  integrity sha1-TzFS4JVA/eKMdvRLGbvNHVpCR40=

node-fetch@2.6.1:
  version "2.6.1"
  resolved "https://registry.yarnpkg.com/node-fetch/-/node-fetch-2.6.1.tgz#045bd323631f76ed2e2b55573394416b639a0052"
  integrity sha512-V4aYg89jEoVRxRb2fJdAg8FHvI7cEyYdVAh94HH0UIK8oJxUfkjlDQN9RbMx+bEjP7+ggMiFRprSti032Oipxw==

prettier@^2.1.2:
  version "2.1.2"
  resolved "https://registry.yarnpkg.com/prettier/-/prettier-2.1.2.tgz#3050700dae2e4c8b67c4c3f666cdb8af405e1ce5"
  integrity sha512-16c7K+x4qVlJg9rEbXl7HEGmQyZlG4R9AgP+oHKRMsMsuk8s+ATStlf1NpDqyBI1HpVyfjLOeMhH2LvuNvV5Vg==

punycode@^2.1.0:
  version "2.1.1"
  resolved "https://registry.yarnpkg.com/punycode/-/punycode-2.1.1.tgz#b58b010ac40c22c5657616c8d2c2c02c7bf479ec"
  integrity sha512-XRsRjdf+j5ml+y/6GKHPZbrF/8p2Yga0JPtdqTIY2Xe5ohJPD9saDJJLPvp9+NSBprVvevdXZybnj2cv8OEd0A==

typescript@^3.9.5:
  version "3.9.7"
  resolved "https://registry.yarnpkg.com/typescript/-/typescript-3.9.7.tgz#98d600a5ebdc38f40cb277522f12dc800e9e25fa"
  integrity sha512-BLbiRkiBzAwsjut4x/dsibSTB6yWpwT5qWmC2OfuCg3GgVQCSgMs4vEctYPhsaGtd0AeuuHMkjZ2h2WG8MSzRw==

uri-js@^4.2.2:
  version "4.4.0"
  resolved "https://registry.yarnpkg.com/uri-js/-/uri-js-4.4.0.tgz#aa714261de793e8a82347a7bcc9ce74e86f28602"
  integrity sha512-B0yRTzYdUCCn9n+F4+Gh4yIDtMQcaJsmYBDsTSG8g/OejKBodLQ2IHfN3bM7jUsRXndopT7OIXWdYqc1fjmV6g==
  dependencies:
    punycode "^2.1.0"

xxhash@^0.3.0:
  version "0.3.0"
  resolved "https://registry.yarnpkg.com/xxhash/-/xxhash-0.3.0.tgz#d20893a62c5b0f7260597dd55859b12a1e02c559"
  integrity sha512-1ud2yyPiR1DJhgyF1ZVMt+Ijrn0VNS/wzej1Z8eSFfkNfRPp8abVZNV2u9tYy9574II0ZayZYZgJm8KJoyGLCw==
  dependencies:
    nan "^2.13.2"
